// !$*UTF8*$!
{
	archiveVersion = 1;
	classes = {
	};
	objectVersion = 50;
	objects = {

/* Begin PBXBuildFile section */
		1425B6E02245033900BC81CA /* AgencyModel.swift in Sources */ = {isa = PBXBuildFile; fileRef = 1425B6DF2245033900BC81CA /* AgencyModel.swift */; };
		14C90DD0224441D200E985E8 /* AppDelegate.swift in Sources */ = {isa = PBXBuildFile; fileRef = 14C90DCF224441D100E985E8 /* AppDelegate.swift */; };
		14C90DD2224441D200E985E8 /* LoginViewController.swift in Sources */ = {isa = PBXBuildFile; fileRef = 14C90DD1224441D200E985E8 /* LoginViewController.swift */; };
		14C90DD5224441D200E985E8 /* Main.storyboard in Resources */ = {isa = PBXBuildFile; fileRef = 14C90DD3224441D200E985E8 /* Main.storyboard */; };
		14C90DD7224441D300E985E8 /* Assets.xcassets in Resources */ = {isa = PBXBuildFile; fileRef = 14C90DD6224441D300E985E8 /* Assets.xcassets */; };
		14C90DDA224441D300E985E8 /* LaunchScreen.storyboard in Resources */ = {isa = PBXBuildFile; fileRef = 14C90DD8224441D300E985E8 /* LaunchScreen.storyboard */; };
		14C90DE62244478300E985E8 /* AgencyViewController.swift in Sources */ = {isa = PBXBuildFile; fileRef = 14C90DE52244478300E985E8 /* AgencyViewController.swift */; };
		14C90DE82244482200E985E8 /* RocketLaunchViewController.swift in Sources */ = {isa = PBXBuildFile; fileRef = 14C90DE72244482200E985E8 /* RocketLaunchViewController.swift */; };
		14C90DEA2244485900E985E8 /* DetailViewController.swift in Sources */ = {isa = PBXBuildFile; fileRef = 14C90DE92244485900E985E8 /* DetailViewController.swift */; };
		14C90DED224449CE00E985E8 /* MainVCTableViewCell.swift in Sources */ = {isa = PBXBuildFile; fileRef = 14C90DEC224449CE00E985E8 /* MainVCTableViewCell.swift */; };
		14C90DEF224449EF00E985E8 /* RocketLaunchVCTableViewCell.swift in Sources */ = {isa = PBXBuildFile; fileRef = 14C90DEE224449EF00E985E8 /* RocketLaunchVCTableViewCell.swift */; };
		14C90DF122444A7B00E985E8 /* SwitchRLVCTableViewCell.swift in Sources */ = {isa = PBXBuildFile; fileRef = 14C90DF022444A7B00E985E8 /* SwitchRLVCTableViewCell.swift */; };
		F6A915DEF5E54E6EFAA3E3C2 /* Pods_Cinkciarz_Recruit_Task.framework in Frameworks */ = {isa = PBXBuildFile; fileRef = FD32619DFE0941CFCA12F37B /* Pods_Cinkciarz_Recruit_Task.framework */; };
/* End PBXBuildFile section */

/* Begin PBXFileReference section */
		037A5272FD899E5B7A2428E2 /* Pods-Cinkciarz Recruit Task.debug.xcconfig */ = {isa = PBXFileReference; includeInIndex = 1; lastKnownFileType = text.xcconfig; name = "Pods-Cinkciarz Recruit Task.debug.xcconfig"; path = "Pods/Target Support Files/Pods-Cinkciarz Recruit Task/Pods-Cinkciarz Recruit Task.debug.xcconfig"; sourceTree = "<group>"; };
		1425B6DF2245033900BC81CA /* AgencyModel.swift */ = {isa = PBXFileReference; lastKnownFileType = sourcecode.swift; path = AgencyModel.swift; sourceTree = "<group>"; };
		14C90DCC224441D100E985E8 /* Cinkciarz Recruit Task.app */ = {isa = PBXFileReference; explicitFileType = wrapper.application; includeInIndex = 0; path = "Cinkciarz Recruit Task.app"; sourceTree = BUILT_PRODUCTS_DIR; };
		14C90DCF224441D100E985E8 /* AppDelegate.swift */ = {isa = PBXFileReference; lastKnownFileType = sourcecode.swift; path = AppDelegate.swift; sourceTree = "<group>"; };
		14C90DD1224441D200E985E8 /* LoginViewController.swift */ = {isa = PBXFileReference; lastKnownFileType = sourcecode.swift; path = LoginViewController.swift; sourceTree = "<group>"; };
		14C90DD4224441D200E985E8 /* Base */ = {isa = PBXFileReference; lastKnownFileType = file.storyboard; name = Base; path = Base.lproj/Main.storyboard; sourceTree = "<group>"; };
		14C90DD6224441D300E985E8 /* Assets.xcassets */ = {isa = PBXFileReference; lastKnownFileType = folder.assetcatalog; path = Assets.xcassets; sourceTree = "<group>"; };
		14C90DD9224441D300E985E8 /* Base */ = {isa = PBXFileReference; lastKnownFileType = file.storyboard; name = Base; path = Base.lproj/LaunchScreen.storyboard; sourceTree = "<group>"; };
		14C90DDB224441D300E985E8 /* Info.plist */ = {isa = PBXFileReference; lastKnownFileType = text.plist.xml; path = Info.plist; sourceTree = "<group>"; };
		14C90DE52244478300E985E8 /* AgencyViewController.swift */ = {isa = PBXFileReference; lastKnownFileType = sourcecode.swift; path = AgencyViewController.swift; sourceTree = "<group>"; };
		14C90DE72244482200E985E8 /* RocketLaunchViewController.swift */ = {isa = PBXFileReference; lastKnownFileType = sourcecode.swift; path = RocketLaunchViewController.swift; sourceTree = "<group>"; };
		14C90DE92244485900E985E8 /* DetailViewController.swift */ = {isa = PBXFileReference; lastKnownFileType = sourcecode.swift; path = DetailViewController.swift; sourceTree = "<group>"; };
		14C90DEC224449CE00E985E8 /* MainVCTableViewCell.swift */ = {isa = PBXFileReference; lastKnownFileType = sourcecode.swift; path = MainVCTableViewCell.swift; sourceTree = "<group>"; };
		14C90DEE224449EF00E985E8 /* RocketLaunchVCTableViewCell.swift */ = {isa = PBXFileReference; lastKnownFileType = sourcecode.swift; path = RocketLaunchVCTableViewCell.swift; sourceTree = "<group>"; };
		14C90DF022444A7B00E985E8 /* SwitchRLVCTableViewCell.swift */ = {isa = PBXFileReference; lastKnownFileType = sourcecode.swift; path = SwitchRLVCTableViewCell.swift; sourceTree = "<group>"; };
		915143A3E2FC6016C8A1AF1B /* Pods-Cinkciarz Recruit Task.release.xcconfig */ = {isa = PBXFileReference; includeInIndex = 1; lastKnownFileType = text.xcconfig; name = "Pods-Cinkciarz Recruit Task.release.xcconfig"; path = "Pods/Target Support Files/Pods-Cinkciarz Recruit Task/Pods-Cinkciarz Recruit Task.release.xcconfig"; sourceTree = "<group>"; };
		FD32619DFE0941CFCA12F37B /* Pods_Cinkciarz_Recruit_Task.framework */ = {isa = PBXFileReference; explicitFileType = wrapper.framework; includeInIndex = 0; path = Pods_Cinkciarz_Recruit_Task.framework; sourceTree = BUILT_PRODUCTS_DIR; };
/* End PBXFileReference section */

/* Begin PBXFrameworksBuildPhase section */
		14C90DC9224441D100E985E8 /* Frameworks */ = {
			isa = PBXFrameworksBuildPhase;
			buildActionMask = 2147483647;
			files = (
				F6A915DEF5E54E6EFAA3E3C2 /* Pods_Cinkciarz_Recruit_Task.framework in Frameworks */,
			);
			runOnlyForDeploymentPostprocessing = 0;
		};
/* End PBXFrameworksBuildPhase section */

/* Begin PBXGroup section */
		14C90DC3224441D100E985E8 = {
			isa = PBXGroup;
			children = (
				14C90DCE224441D100E985E8 /* Cinkciarz Recruit Task */,
				14C90DCD224441D100E985E8 /* Products */,
				916BB47E71590865F2807AEE /* Pods */,
				1DD52DD7352408F5503E2D96 /* Frameworks */,
			);
			sourceTree = "<group>";
		};
		14C90DCD224441D100E985E8 /* Products */ = {
			isa = PBXGroup;
			children = (
				14C90DCC224441D100E985E8 /* Cinkciarz Recruit Task.app */,
			);
			name = Products;
			sourceTree = "<group>";
		};
		14C90DCE224441D100E985E8 /* Cinkciarz Recruit Task */ = {
			isa = PBXGroup;
			children = (
				14C90DE42244433800E985E8 /* Supporting Files */,
				14C90DE32244431300E985E8 /* Controller */,
				14C90DE22244430800E985E8 /* View */,
				14C90DE1224442FD00E985E8 /* Model */,
				14C90DDB224441D300E985E8 /* Info.plist */,
			);
			path = "Cinkciarz Recruit Task";
			sourceTree = "<group>";
		};
		14C90DE1224442FD00E985E8 /* Model */ = {
			isa = PBXGroup;
			children = (
				1425B6DF2245033900BC81CA /* AgencyModel.swift */,
			);
			path = Model;
			sourceTree = "<group>";
		};
		14C90DE22244430800E985E8 /* View */ = {
			isa = PBXGroup;
			children = (
				14C90DEB2244487000E985E8 /* Cells */,
				14C90DD3224441D200E985E8 /* Main.storyboard */,
			);
			path = View;
			sourceTree = "<group>";
		};
		14C90DE32244431300E985E8 /* Controller */ = {
			isa = PBXGroup;
			children = (
				14C90DCF224441D100E985E8 /* AppDelegate.swift */,
				14C90DD1224441D200E985E8 /* LoginViewController.swift */,
				14C90DE52244478300E985E8 /* AgencyViewController.swift */,
				14C90DE72244482200E985E8 /* RocketLaunchViewController.swift */,
				14C90DE92244485900E985E8 /* DetailViewController.swift */,
			);
			path = Controller;
			sourceTree = "<group>";
		};
		14C90DE42244433800E985E8 /* Supporting Files */ = {
			isa = PBXGroup;
			children = (
				14C90DD6224441D300E985E8 /* Assets.xcassets */,
				14C90DD8224441D300E985E8 /* LaunchScreen.storyboard */,
			);
			path = "Supporting Files";
			sourceTree = "<group>";
		};
		14C90DEB2244487000E985E8 /* Cells */ = {
			isa = PBXGroup;
			children = (
				14C90DEC224449CE00E985E8 /* MainVCTableViewCell.swift */,
				14C90DEE224449EF00E985E8 /* RocketLaunchVCTableViewCell.swift */,
				14C90DF022444A7B00E985E8 /* SwitchRLVCTableViewCell.swift */,
			);
			path = Cells;
			sourceTree = "<group>";
		};
		1DD52DD7352408F5503E2D96 /* Frameworks */ = {
			isa = PBXGroup;
			children = (
				FD32619DFE0941CFCA12F37B /* Pods_Cinkciarz_Recruit_Task.framework */,
			);
			name = Frameworks;
			sourceTree = "<group>";
		};
		916BB47E71590865F2807AEE /* Pods */ = {
			isa = PBXGroup;
			children = (
				037A5272FD899E5B7A2428E2 /* Pods-Cinkciarz Recruit Task.debug.xcconfig */,
				915143A3E2FC6016C8A1AF1B /* Pods-Cinkciarz Recruit Task.release.xcconfig */,
			);
			name = Pods;
			sourceTree = "<group>";
		};
/* End PBXGroup section */

/* Begin PBXNativeTarget section */
		14C90DCB224441D100E985E8 /* Cinkciarz Recruit Task */ = {
			isa = PBXNativeTarget;
			buildConfigurationList = 14C90DDE224441D300E985E8 /* Build configuration list for PBXNativeTarget "Cinkciarz Recruit Task" */;
			buildPhases = (
				39E1C285B644E80109FE98D7 /* [CP] Check Pods Manifest.lock */,
				14C90DC8224441D100E985E8 /* Sources */,
				14C90DC9224441D100E985E8 /* Frameworks */,
				14C90DCA224441D100E985E8 /* Resources */,
				2A7D80A6CA21A1DAC76E7B1E /* [CP] Embed Pods Frameworks */,
			);
			buildRules = (
			);
			dependencies = (
			);
			name = "Cinkciarz Recruit Task";
			productName = "Cinkciarz Recruit Task";
			productReference = 14C90DCC224441D100E985E8 /* Cinkciarz Recruit Task.app */;
			productType = "com.apple.product-type.application";
		};
/* End PBXNativeTarget section */

/* Begin PBXProject section */
		14C90DC4224441D100E985E8 /* Project object */ = {
			isa = PBXProject;
			attributes = {
				LastSwiftUpdateCheck = 1010;
				LastUpgradeCheck = 1010;
				ORGANIZATIONNAME = Filip;
				TargetAttributes = {
					14C90DCB224441D100E985E8 = {
						CreatedOnToolsVersion = 10.1;
					};
				};
			};
			buildConfigurationList = 14C90DC7224441D100E985E8 /* Build configuration list for PBXProject "Cinkciarz Recruit Task" */;
			compatibilityVersion = "Xcode 9.3";
			developmentRegion = en;
			hasScannedForEncodings = 0;
			knownRegions = (
				en,
				Base,
			);
			mainGroup = 14C90DC3224441D100E985E8;
			productRefGroup = 14C90DCD224441D100E985E8 /* Products */;
			projectDirPath = "";
			projectRoot = "";
			targets = (
				14C90DCB224441D100E985E8 /* Cinkciarz Recruit Task */,
			);
		};
/* End PBXProject section */

/* Begin PBXResourcesBuildPhase section */
		14C90DCA224441D100E985E8 /* Resources */ = {
			isa = PBXResourcesBuildPhase;
			buildActionMask = 2147483647;
			files = (
				14C90DDA224441D300E985E8 /* LaunchScreen.storyboard in Resources */,
				14C90DD7224441D300E985E8 /* Assets.xcassets in Resources */,
				14C90DD5224441D200E985E8 /* Main.storyboard in Resources */,
			);
			runOnlyForDeploymentPostprocessing = 0;
		};
/* End PBXResourcesBuildPhase section */

/* Begin PBXShellScriptBuildPhase section */
		2A7D80A6CA21A1DAC76E7B1E /* [CP] Embed Pods Frameworks */ = {
			isa = PBXShellScriptBuildPhase;
			buildActionMask = 2147483647;
			files = (
			);
			inputFileListPaths = (
			);
			inputPaths = (
				"${SRCROOT}/Pods/Target Support Files/Pods-Cinkciarz Recruit Task/Pods-Cinkciarz Recruit Task-frameworks.sh",
				"${BUILT_PRODUCTS_DIR}/Alamofire/Alamofire.framework",
				"${BUILT_PRODUCTS_DIR}/SVProgressHUD/SVProgressHUD.framework",
				"${BUILT_PRODUCTS_DIR}/SwiftyJSON/SwiftyJSON.framework",
			);
			name = "[CP] Embed Pods Frameworks";
			outputFileListPaths = (
			);
			outputPaths = (
				"${TARGET_BUILD_DIR}/${FRAMEWORKS_FOLDER_PATH}/Alamofire.framework",
				"${TARGET_BUILD_DIR}/${FRAMEWORKS_FOLDER_PATH}/SVProgressHUD.framework",
				"${TARGET_BUILD_DIR}/${FRAMEWORKS_FOLDER_PATH}/SwiftyJSON.framework",
			);
			runOnlyForDeploymentPostprocessing = 0;
			shellPath = /bin/sh;
			shellScript = "\"${SRCROOT}/Pods/Target Support Files/Pods-Cinkciarz Recruit Task/Pods-Cinkciarz Recruit Task-frameworks.sh\"\n";
			showEnvVarsInLog = 0;
		};
		39E1C285B644E80109FE98D7 /* [CP] Check Pods Manifest.lock */ = {
			isa = PBXShellScriptBuildPhase;
			buildActionMask = 2147483647;
			files = (
			);
			inputFileListPaths = (
			);
			inputPaths = (
				"${PODS_PODFILE_DIR_PATH}/Podfile.lock",
				"${PODS_ROOT}/Manifest.lock",
			);
			name = "[CP] Check Pods Manifest.lock";
			outputFileListPaths = (
			);
			outputPaths = (
				"$(DERIVED_FILE_DIR)/Pods-Cinkciarz Recruit Task-checkManifestLockResult.txt",
			);
			runOnlyForDeploymentPostprocessing = 0;
			shellPath = /bin/sh;
			shellScript = "diff \"${PODS_PODFILE_DIR_PATH}/Podfile.lock\" \"${PODS_ROOT}/Manifest.lock\" > /dev/null\nif [ $? != 0 ] ; then\n    # print error to STDERR\n    echo \"error: The sandbox is not in sync with the Podfile.lock. Run 'pod install' or update your CocoaPods installation.\" >&2\n    exit 1\nfi\n# This output is used by Xcode 'outputs' to avoid re-running this script phase.\necho \"SUCCESS\" > \"${SCRIPT_OUTPUT_FILE_0}\"\n";
			showEnvVarsInLog = 0;
		};
/* End PBXShellScriptBuildPhase section */

/* Begin PBXSourcesBuildPhase section */
		14C90DC8224441D100E985E8 /* Sources */ = {
			isa = PBXSourcesBuildPhase;
			buildActionMask = 2147483647;
			files = (
				1425B6E02245033900BC81CA /* AgencyModel.swift in Sources */,
				14C90DE62244478300E985E8 /* AgencyViewController.swift in Sources */,
				14C90DD2224441D200E985E8 /* LoginViewController.swift in Sources */,
				14C90DEA2244485900E985E8 /* DetailViewController.swift in Sources */,
				14C90DED224449CE00E985E8 /* MainVCTableViewCell.swift in Sources */,
				14C90DF122444A7B00E985E8 /* SwitchRLVCTableViewCell.swift in Sources */,
				14C90DE82244482200E985E8 /* RocketLaunchViewController.swift in Sources */,
				14C90DEF224449EF00E985E8 /* RocketLaunchVCTableViewCell.swift in Sources */,
				14C90DD0224441D200E985E8 /* AppDelegate.swift in Sources */,
			);
			runOnlyForDeploymentPostprocessing = 0;
		};
/* End PBXSourcesBuildPhase section */

/* Begin PBXVariantGroup section */
		14C90DD3224441D200E985E8 /* Main.storyboard */ = {
			isa = PBXVariantGroup;
			children = (
				14C90DD4224441D200E985E8 /* Base */,
			);
			name = Main.storyboard;
			sourceTree = "<group>";
		};
		14C90DD8224441D300E985E8 /* LaunchScreen.storyboard */ = {
			isa = PBXVariantGroup;
			children = (
				14C90DD9224441D300E985E8 /* Base */,
			);
			name = LaunchScreen.storyboard;
			sourceTree = "<group>";
		};
/* End PBXVariantGroup section */

/* Begin XCBuildConfiguration section */
		14C90DDC224441D300E985E8 /* Debug */ = {
			isa = XCBuildConfiguration;
			buildSettings = {
				ALWAYS_SEARCH_USER_PATHS = NO;
				CLANG_ANALYZER_NONNULL = YES;
				CLANG_ANALYZER_NUMBER_OBJECT_CONVERSION = YES_AGGRESSIVE;
				CLANG_CXX_LANGUAGE_STANDARD = "gnu++14";
				CLANG_CXX_LIBRARY = "libc++";
				CLANG_ENABLE_MODULES = YES;
				CLANG_ENABLE_OBJC_ARC = YES;
				CLANG_ENABLE_OBJC_WEAK = YES;
				CLANG_WARN_BLOCK_CAPTURE_AUTORELEASING = YES;
				CLANG_WARN_BOOL_CONVERSION = YES;
				CLANG_WARN_COMMA = YES;
				CLANG_WARN_CONSTANT_CONVERSION = YES;
				CLANG_WARN_DEPRECATED_OBJC_IMPLEMENTATIONS = YES;
				CLANG_WARN_DIRECT_OBJC_ISA_USAGE = YES_ERROR;
				CLANG_WARN_DOCUMENTATION_COMMENTS = YES;
				CLANG_WARN_EMPTY_BODY = YES;
				CLANG_WARN_ENUM_CONVERSION = YES;
				CLANG_WARN_INFINITE_RECURSION = YES;
				CLANG_WARN_INT_CONVERSION = YES;
				CLANG_WARN_NON_LITERAL_NULL_CONVERSION = YES;
				CLANG_WARN_OBJC_IMPLICIT_RETAIN_SELF = YES;
				CLANG_WARN_OBJC_LITERAL_CONVERSION = YES;
				CLANG_WARN_OBJC_ROOT_CLASS = YES_ERROR;
				CLANG_WARN_RANGE_LOOP_ANALYSIS = YES;
				CLANG_WARN_STRICT_PROTOTYPES = YES;
				CLANG_WARN_SUSPICIOUS_MOVE = YES;
				CLANG_WARN_UNGUARDED_AVAILABILITY = YES_AGGRESSIVE;
				CLANG_WARN_UNREACHABLE_CODE = YES;
				CLANG_WARN__DUPLICATE_METHOD_MATCH = YES;
				CODE_SIGN_IDENTITY = "iPhone Developer";
				COPY_PHASE_STRIP = NO;
				DEBUG_INFORMATION_FORMAT = dwarf;
				ENABLE_STRICT_OBJC_MSGSEND = YES;
				ENABLE_TESTABILITY = YES;
				GCC_C_LANGUAGE_STANDARD = gnu11;
				GCC_DYNAMIC_NO_PIC = NO;
				GCC_NO_COMMON_BLOCKS = YES;
				GCC_OPTIMIZATION_LEVEL = 0;
				GCC_PREPROCESSOR_DEFINITIONS = (
					"DEBUG=1",
					"$(inherited)",
				);
				GCC_WARN_64_TO_32_BIT_CONVERSION = YES;
				GCC_WARN_ABOUT_RETURN_TYPE = YES_ERROR;
				GCC_WARN_UNDECLARED_SELECTOR = YES;
				GCC_WARN_UNINITIALIZED_AUTOS = YES_AGGRESSIVE;
				GCC_WARN_UNUSED_FUNCTION = YES;
				GCC_WARN_UNUSED_VARIABLE = YES;
				IPHONEOS_DEPLOYMENT_TARGET = 12.1;
				MTL_ENABLE_DEBUG_INFO = INCLUDE_SOURCE;
				MTL_FAST_MATH = YES;
				ONLY_ACTIVE_ARCH = YES;
				SDKROOT = iphoneos;
				SWIFT_ACTIVE_COMPILATION_CONDITIONS = DEBUG;
				SWIFT_OPTIMIZATION_LEVEL = "-Onone";
			};
			name = Debug;
		};
		14C90DDD224441D300E985E8 /* Release */ = {
			isa = XCBuildConfiguration;
			buildSettings = {
				ALWAYS_SEARCH_USER_PATHS = NO;
				CLANG_ANALYZER_NONNULL = YES;
				CLANG_ANALYZER_NUMBER_OBJECT_CONVERSION = YES_AGGRESSIVE;
				CLANG_CXX_LANGUAGE_STANDARD = "gnu++14";
				CLANG_CXX_LIBRARY = "libc++";
				CLANG_ENABLE_MODULES = YES;
				CLANG_ENABLE_OBJC_ARC = YES;
				CLANG_ENABLE_OBJC_WEAK = YES;
				CLANG_WARN_BLOCK_CAPTURE_AUTORELEASING = YES;
				CLANG_WARN_BOOL_CONVERSION = YES;
				CLANG_WARN_COMMA = YES;
				CLANG_WARN_CONSTANT_CONVERSION = YES;
				CLANG_WARN_DEPRECATED_OBJC_IMPLEMENTATIONS = YES;
				CLANG_WARN_DIRECT_OBJC_ISA_USAGE = YES_ERROR;
				CLANG_WARN_DOCUMENTATION_COMMENTS = YES;
				CLANG_WARN_EMPTY_BODY = YES;
				CLANG_WARN_ENUM_CONVERSION = YES;
				CLANG_WARN_INFINITE_RECURSION = YES;
				CLANG_WARN_INT_CONVERSION = YES;
				CLANG_WARN_NON_LITERAL_NULL_CONVERSION = YES;
				CLANG_WARN_OBJC_IMPLICIT_RETAIN_SELF = YES;
				CLANG_WARN_OBJC_LITERAL_CONVERSION = YES;
				CLANG_WARN_OBJC_ROOT_CLASS = YES_ERROR;
				CLANG_WARN_RANGE_LOOP_ANALYSIS = YES;
				CLANG_WARN_STRICT_PROTOTYPES = YES;
				CLANG_WARN_SUSPICIOUS_MOVE = YES;
				CLANG_WARN_UNGUARDED_AVAILABILITY = YES_AGGRESSIVE;
				CLANG_WARN_UNREACHABLE_CODE = YES;
				CLANG_WARN__DUPLICATE_METHOD_MATCH = YES;
				CODE_SIGN_IDENTITY = "iPhone Developer";
				COPY_PHASE_STRIP = NO;
				DEBUG_INFORMATION_FORMAT = "dwarf-with-dsym";
				ENABLE_NS_ASSERTIONS = NO;
				ENABLE_STRICT_OBJC_MSGSEND = YES;
				GCC_C_LANGUAGE_STANDARD = gnu11;
				GCC_NO_COMMON_BLOCKS = YES;
				GCC_WARN_64_TO_32_BIT_CONVERSION = YES;
				GCC_WARN_ABOUT_RETURN_TYPE = YES_ERROR;
				GCC_WARN_UNDECLARED_SELECTOR = YES;
				GCC_WARN_UNINITIALIZED_AUTOS = YES_AGGRESSIVE;
				GCC_WARN_UNUSED_FUNCTION = YES;
				GCC_WARN_UNUSED_VARIABLE = YES;
				IPHONEOS_DEPLOYMENT_TARGET = 12.1;
				MTL_ENABLE_DEBUG_INFO = NO;
				MTL_FAST_MATH = YES;
				SDKROOT = iphoneos;
				SWIFT_COMPILATION_MODE = wholemodule;
				SWIFT_OPTIMIZATION_LEVEL = "-O";
				VALIDATE_PRODUCT = YES;
			};
			name = Release;
		};
		14C90DDF224441D300E985E8 /* Debug */ = {
			isa = XCBuildConfiguration;
			baseConfigurationReference = 037A5272FD899E5B7A2428E2 /* Pods-Cinkciarz Recruit Task.debug.xcconfig */;
			buildSettings = {
				ASSETCATALOG_COMPILER_APPICON_NAME = AppIcon;
				CODE_SIGN_STYLE = Automatic;
				DEVELOPMENT_TEAM = FTSDJRAZR8;
				INFOPLIST_FILE = "Cinkciarz Recruit Task/Info.plist";
				IPHONEOS_DEPLOYMENT_TARGET = 10.0;
				LD_RUNPATH_SEARCH_PATHS = (
					"$(inherited)",
					"@executable_path/Frameworks",
				);
				PRODUCT_BUNDLE_IDENTIFIER = "fg.Cinkciarz-Recruit-Task";
				PRODUCT_NAME = "$(TARGET_NAME)";
				SWIFT_VERSION = 4.2;
				TARGETED_DEVICE_FAMILY = 1;
			};
			name = Debug;
		};
		14C90DE0224441D300E985E8 /* Release */ = {
			isa = XCBuildConfiguration;
			baseConfigurationReference = 915143A3E2FC6016C8A1AF1B /* Pods-Cinkciarz Recruit Task.release.xcconfig */;
			buildSettings = {
				ASSETCATALOG_COMPILER_APPICON_NAME = AppIcon;
				CODE_SIGN_STYLE = Automatic;
				DEVELOPMENT_TEAM = FTSDJRAZR8;
				INFOPLIST_FILE = "Cinkciarz Recruit Task/Info.plist";
				IPHONEOS_DEPLOYMENT_TARGET = 10.0;
				LD_RUNPATH_SEARCH_PATHS = (
					"$(inherited)",
					"@executable_path/Frameworks",
				);
				PRODUCT_BUNDLE_IDENTIFIER = "fg.Cinkciarz-Recruit-Task";
				PRODUCT_NAME = "$(TARGET_NAME)";
				SWIFT_VERSION = 4.2;
				TARGETED_DEVICE_FAMILY = 1;
			};
			name = Release;
		};
/* End XCBuildConfiguration section */

/* Begin XCConfigurationList section */
		14C90DC7224441D100E985E8 /* Build configuration list for PBXProject "Cinkciarz Recruit Task" */ = {
			isa = XCConfigurationList;
			buildConfigurations = (
				14C90DDC224441D300E985E8 /* Debug */,
				14C90DDD224441D300E985E8 /* Release */,
			);
			defaultConfigurationIsVisible = 0;
			defaultConfigurationName = Release;
		};
		14C90DDE224441D300E985E8 /* Build configuration list for PBXNativeTarget "Cinkciarz Recruit Task" */ = {
			isa = XCConfigurationList;
			buildConfigurations = (
				14C90DDF224441D300E985E8 /* Debug */,
				14C90DE0224441D300E985E8 /* Release */,
			);
			defaultConfigurationIsVisible = 0;
			defaultConfigurationName = Release;
		};
/* End XCConfigurationList section */
	};
	rootObject = 14C90DC4224441D100E985E8 /* Project object */;
}
